
Microsoft Visual Studio Solution File, Format Version 12.00
# Visual Studio Version 17
VisualStudioVersion = 17.5.002.0
MinimumVisualStudioVersion = 10.0.40219.1
Project("{9A19103F-16F7-4668-BE54-9A1E7A4F7556}") = "2uzd", "2uzd.csproj", "{19F42655-9A9F-42AD-9283-85B4F79DAFFF}"
EndProject
Global
	GlobalSection(SolutionConfigurationPlatforms) = preSolution
		Debug|Any CPU = Debug|Any CPU
		Release|Any CPU = Release|Any CPU
	EndGlobalSection
	GlobalSection(ProjectConfigurationPlatforms) = postSolution
		{19F42655-9A9F-42AD-9283-85B4F79DAFFF}.Debug|Any CPU.ActiveCfg = Debug|Any CPU
		{19F42655-9A9F-42AD-9283-85B4F79DAFFF}.Debug|Any CPU.Build.0 = Debug|Any CPU
		{19F42655-9A9F-42AD-9283-85B4F79DAFFF}.Release|Any CPU.ActiveCfg = Release|Any CPU
		{19F42655-9A9F-42AD-9283-85B4F79DAFFF}.Release|Any CPU.Build.0 = Release|Any CPU
	EndGlobalSection
	GlobalSection(SolutionProperties) = preSolution
		HideSolutionNode = FALSE
	EndGlobalSection
	GlobalSection(ExtensibilityGlobals) = postSolution
		SolutionGuid = {1538A9DE-08E4-40D0-AAA1-BB26ABEE0B4A}
	EndGlobalSection
EndGlobal
